
Microsoft Visual Studio Solution File, Format Version 12.00
# Visual Studio Version 17
VisualStudioVersion = 17.4.33205.214
MinimumVisualStudioVersion = 10.0.40219.1
Project("{9A19103F-16F7-4668-BE54-9A1E7A4F7556}") = "webAPIdotNETCore", "webAPIdotNETCore.csproj", "{1F1D164F-1398-4189-8283-46AE19C87FD3}"
EndProject
Global
	GlobalSection(SolutionConfigurationPlatforms) = preSolution
		Debug|Any CPU = Debug|Any CPU
		Release|Any CPU = Release|Any CPU
	EndGlobalSection
	GlobalSection(ProjectConfigurationPlatforms) = postSolution
		{1F1D164F-1398-4189-8283-46AE19C87FD3}.Debug|Any CPU.ActiveCfg = Debug|Any CPU
		{1F1D164F-1398-4189-8283-46AE19C87FD3}.Debug|Any CPU.Build.0 = Debug|Any CPU
		{1F1D164F-1398-4189-8283-46AE19C87FD3}.Release|Any CPU.ActiveCfg = Release|Any CPU
		{1F1D164F-1398-4189-8283-46AE19C87FD3}.Release|Any CPU.Build.0 = Release|Any CPU
	EndGlobalSection
	GlobalSection(SolutionProperties) = preSolution
		HideSolutionNode = FALSE
	EndGlobalSection
	GlobalSection(ExtensibilityGlobals) = postSolution
		SolutionGuid = {7DF1E95C-427E-4B9D-8509-059676BFE653}
	EndGlobalSection
EndGlobal
